<?xml version="1.0" encoding="utf-8"?>
<Project ToolsVersion="4.0" xmlns="http://schemas.microsoft.com/developer/msbuild/2003">
  <ItemGroup>
    <Filter Include="Source Files">
      <UniqueIdentifier>{4FC737F1-C7A5-4376-A066-2A32D752A2FF}</UniqueIdentifier>
      <Extensions>cpp;c;cc;cxx;def;odl;idl;hpj;bat;asm;asmx</Extensions>
    </Filter>
    <Filter Include="Header Files">
      <UniqueIdentifier>{93995380-89BD-4b04-88EB-625FBE52EBFB}</UniqueIdentifier>
      <Extensions>h;hh;hpp;hxx;hm;inl;inc;xsd</Extensions>
    </Filter>
    <Filter Include="Resource Files">
      <UniqueIdentifier>{D9D6E242-F8AF-46E4-B9FD-80ECBC20BA3E}</UniqueIdentifier>
      <Extensions>qrc;*</Extensions>
      <ParseFiles>false</ParseFiles>
    </Filter>
    <Filter Include="Form Files">
      <UniqueIdentifier>{99349809-55BA-4b9d-BF79-8FDBB0286EB3}</UniqueIdentifier>
      <Extensions>ui</Extensions>
    </Filter>
    <Filter Include="Resource Files">
      <UniqueIdentifier>{D9D6E242-F8AF-46E4-B9FD-80ECBC20BA3E}</UniqueIdentifier>
      <Extensions>qrc;*</Extensions>
      <ParseFiles>false</ParseFiles>
    </Filter>
    <Filter Include="Generated Files">
      <UniqueIdentifier>{71ED8ED8-ACB9-4CE9-BBE1-E00B30144E11}</UniqueIdentifier>
      <Extensions>moc;h;cpp</Extensions>
      <SourceControlFiles>False</SourceControlFiles>
    </Filter>
    <Filter Include="Source Files\module">
      <UniqueIdentifier>{f696d03d-237c-46e3-9d70-947197928caa}</UniqueIdentifier>
    </Filter>
    <Filter Include="Source Files\players">
      <UniqueIdentifier>{23db30b5-6404-4238-85f2-0c97866c53b9}</UniqueIdentifier>
    </Filter>
    <Filter Include="Source Files\players\SimpleSDLPlayer">
      <UniqueIdentifier>{8e0181bc-cc3b-463b-90db-85431a71849b}</UniqueIdentifier>
    </Filter>
    <Filter Include="Source Files\sdl">
      <UniqueIdentifier>{b59a65f4-37c8-41a0-bce2-763c8e0fcd1e}</UniqueIdentifier>
    </Filter>
    <Filter Include="Source Files\players\FFmpegSDLPlayer">
      <UniqueIdentifier>{9776ef3a-1c4f-4a6f-b95b-0861e47f724e}</UniqueIdentifier>
    </Filter>
    <Filter Include="Source Files\players\FFmpegAudioPlayer">
      <UniqueIdentifier>{6482f404-c14e-4279-b25f-f2cf5b56a70e}</UniqueIdentifier>
    </Filter>
    <Filter Include="Source Files\players\FFmpegQtPlayer">
      <UniqueIdentifier>{86504e47-0235-448f-bb1b-ef7d824f09cd}</UniqueIdentifier>
    </Filter>
    <Filter Include="Source Files\tests">
      <UniqueIdentifier>{d8a6e7f2-8736-46a5-b4b3-fd5b6ae64355}</UniqueIdentifier>
    </Filter>
  </ItemGroup>
  <ItemGroup>
    <ClCompile Include="Source Files\module\FFmpegBasic.cpp">
      <Filter>Source Files\module</Filter>
    </ClCompile>
    <ClCompile Include="Source Files\module\VideoDecoder.cpp">
      <Filter>Source Files\module</Filter>
    </ClCompile>
    <ClCompile Include="Source Files\module\FFmpegLogger.cpp">
      <Filter>Source Files\module</Filter>
    </ClCompile>
    <ClCompile Include="Source Files\players\SimpleSDLPlayer\SimpleSDLPlayer.cpp">
      <Filter>Source Files\players\SimpleSDLPlayer</Filter>
    </ClCompile>
    <ClCompile Include="Source Files\sdl\SdlImageViewer.cpp">
      <Filter>Source Files\sdl</Filter>
    </ClCompile>
    <ClCompile Include="Source Files\players\FFmpegSDLPlayer\FFmpegSDLPlayer.cpp">
      <Filter>Source Files\players\FFmpegSDLPlayer</Filter>
    </ClCompile>
    <ClCompile Include="Source Files\players\FFmpegAudioPlayer\FFmpegAudioPlayer.cpp">
      <Filter>Source Files\players\FFmpegAudioPlayer</Filter>
    </ClCompile>
    <ClCompile Include="Source Files\players\FFmpegQtPlayer\FFmpegQtPlayer.cpp">
      <Filter>Source Files\players\FFmpegQtPlayer</Filter>
    </ClCompile>
    <ClCompile Include="main.cpp">
      <Filter>Source Files</Filter>
    </ClCompile>
  </ItemGroup>
  <ItemGroup>
    <QtRcc Include="FFMPEG.qrc">
      <Filter>Resource Files</Filter>
    </QtRcc>
  </ItemGroup>
  <ItemGroup>
    <QtMoc Include="Source Files\module\VideoDecoder.h">
      <Filter>Source Files\module</Filter>
    </QtMoc>
    <QtMoc Include="Source Files\players\FFmpegQtPlayer\FFmpegQtPlayer.h">
      <Filter>Source Files\players\FFmpegQtPlayer</Filter>
    </QtMoc>
  </ItemGroup>
  <ItemGroup>
    <ClInclude Include="Source Files\module\FFmpegBasic.h">
      <Filter>Source Files\module</Filter>
    </ClInclude>
    <ClInclude Include="Source Files\module\FFmpegLogger.h">
      <Filter>Source Files\module</Filter>
    </ClInclude>
    <ClInclude Include="Source Files\players\SimpleSDLPlayer\SimpleSDLPlayer.h">
      <Filter>Source Files\players\SimpleSDLPlayer</Filter>
    </ClInclude>
    <ClInclude Include="Source Files\sdl\SdlImageViewer.h">
      <Filter>Source Files\sdl</Filter>
    </ClInclude>
    <ClInclude Include="Source Files\players\FFmpegSDLPlayer\FFmpegSDLPlayer.h">
      <Filter>Source Files\players\FFmpegSDLPlayer</Filter>
    </ClInclude>
    <ClInclude Include="Source Files\players\FFmpegAudioPlayer\FFmpegAudioPlayer.h">
      <Filter>Source Files\players\FFmpegAudioPlayer</Filter>
    </ClInclude>
    <ClInclude Include="Source Files\tests\ReadVideoFromFile.cpp">
      <Filter>Source Files\tests</Filter>
    </ClInclude>
    <ClInclude Include="Source Files\tests\PlayVideoUseSDL.h">
      <Filter>Source Files\tests</Filter>
    </ClInclude>
    <ClInclude Include="Source Files\tests\PlaySoundUseSDL.h">
      <Filter>Source Files\tests</Filter>
    </ClInclude>
  </ItemGroup>
</Project>